
Microsoft Visual Studio Solution File, Format Version 12.00
# Visual Studio Version 17
VisualStudioVersion = 17.7.34009.444
MinimumVisualStudioVersion = 10.0.40219.1
Project("{FAE04EC0-301F-11D3-BF4B-00C04F79EFBC}") = "ShoppingCart", "ShoppingCart\ShoppingCart.csproj", "{8AF44C6C-FE6D-4C7D-9E75-EF2A07CBA4B0}"
EndProject
Global
	GlobalSection(SolutionConfigurationPlatforms) = preSolution
		Debug|Any CPU = Debug|Any CPU
		Release|Any CPU = Release|Any CPU
	EndGlobalSection
	GlobalSection(ProjectConfigurationPlatforms) = postSolution
		{8AF44C6C-FE6D-4C7D-9E75-EF2A07CBA4B0}.Debug|Any CPU.ActiveCfg = Debug|Any CPU
		{8AF44C6C-FE6D-4C7D-9E75-EF2A07CBA4B0}.Debug|Any CPU.Build.0 = Debug|Any CPU
		{8AF44C6C-FE6D-4C7D-9E75-EF2A07CBA4B0}.Release|Any CPU.ActiveCfg = Release|Any CPU
		{8AF44C6C-FE6D-4C7D-9E75-EF2A07CBA4B0}.Release|Any CPU.Build.0 = Release|Any CPU
	EndGlobalSection
	GlobalSection(SolutionProperties) = preSolution
		HideSolutionNode = FALSE
	EndGlobalSection
	GlobalSection(ExtensibilityGlobals) = postSolution
		SolutionGuid = {57233576-4026-4542-BEA6-353204D03F31}
	EndGlobalSection
EndGlobal
